
Microsoft Visual Studio Solution File, Format Version 12.00
# Visual Studio Version 17
VisualStudioVersion = 17.0.32014.148
MinimumVisualStudioVersion = 10.0.40219.1
Project("{FAE04EC0-301F-11D3-BF4B-00C04F79EFBC}") = "DOC Projeto", "DOC Projeto.csproj", "{6B04C996-B46C-4652-905B-52BA635BB1B0}"
EndProject
Global
	GlobalSection(SolutionConfigurationPlatforms) = preSolution
		Debug|Any CPU = Debug|Any CPU
		Release|Any CPU = Release|Any CPU
	EndGlobalSection
	GlobalSection(ProjectConfigurationPlatforms) = postSolution
		{6B04C996-B46C-4652-905B-52BA635BB1B0}.Debug|Any CPU.ActiveCfg = Debug|Any CPU
		{6B04C996-B46C-4652-905B-52BA635BB1B0}.Debug|Any CPU.Build.0 = Debug|Any CPU
		{6B04C996-B46C-4652-905B-52BA635BB1B0}.Release|Any CPU.ActiveCfg = Release|Any CPU
		{6B04C996-B46C-4652-905B-52BA635BB1B0}.Release|Any CPU.Build.0 = Release|Any CPU
	EndGlobalSection
	GlobalSection(SolutionProperties) = preSolution
		HideSolutionNode = FALSE
	EndGlobalSection
	GlobalSection(ExtensibilityGlobals) = postSolution
		SolutionGuid = {017B3820-0CEC-42BA-B6DE-EA6918B59564}
	EndGlobalSection
EndGlobal
